// !$*UTF8*$!
{
	archiveVersion = 1;
	classes = {
	};
	objectVersion = 50;
	objects = {

/* Begin PBXBuildFile section */
		D709F5C52114E86B00FDB003 /* AppDelegate.swift in Sources */ = {isa = PBXBuildFile; fileRef = D709F5C42114E86B00FDB003 /* AppDelegate.swift */; };
		D709F5CA2114E86C00FDB003 /* Main.storyboard in Resources */ = {isa = PBXBuildFile; fileRef = D709F5C82114E86C00FDB003 /* Main.storyboard */; };
		D709F5CC2114E8BA00FDB003 /* Assets.xcassets in Resources */ = {isa = PBXBuildFile; fileRef = D709F5CB2114E8BA00FDB003 /* Assets.xcassets */; };
		D709F5CF2114E8BA00FDB003 /* LaunchScreen.storyboard in Resources */ = {isa = PBXBuildFile; fileRef = D709F5CD2114E8BA00FDB003 /* LaunchScreen.storyboard */; };
		D709F5DA2114E8BC00FDB003 /* flix_demo_03Tests.swift in Sources */ = {isa = PBXBuildFile; fileRef = D709F5D92114E8BC00FDB003 /* flix_demo_03Tests.swift */; };
		D709F5E52114E8BF00FDB003 /* flix_demo_03UITests.swift in Sources */ = {isa = PBXBuildFile; fileRef = D709F5E42114E8BF00FDB003 /* flix_demo_03UITests.swift */; };
		D709F5F32114FB1D00FDB003 /* NowPlayingViewController.swift in Sources */ = {isa = PBXBuildFile; fileRef = D709F5F22114FB1D00FDB003 /* NowPlayingViewController.swift */; };
/* End PBXBuildFile section */

/* Begin PBXContainerItemProxy section */
		D709F5D62114E8BC00FDB003 /* PBXContainerItemProxy */ = {
			isa = PBXContainerItemProxy;
			containerPortal = D709F5B92114E86A00FDB003 /* Project object */;
			proxyType = 1;
			remoteGlobalIDString = D709F5C02114E86B00FDB003;
			remoteInfo = flix_demo_03;
		};
		D709F5E12114E8BD00FDB003 /* PBXContainerItemProxy */ = {
			isa = PBXContainerItemProxy;
			containerPortal = D709F5B92114E86A00FDB003 /* Project object */;
			proxyType = 1;
			remoteGlobalIDString = D709F5C02114E86B00FDB003;
			remoteInfo = flix_demo_03;
		};
/* End PBXContainerItemProxy section */

/* Begin PBXFileReference section */
		D709F5C12114E86B00FDB003 /* flix_demo_03.app */ = {isa = PBXFileReference; explicitFileType = wrapper.application; includeInIndex = 0; path = flix_demo_03.app; sourceTree = BUILT_PRODUCTS_DIR; };
		D709F5C42114E86B00FDB003 /* AppDelegate.swift */ = {isa = PBXFileReference; lastKnownFileType = sourcecode.swift; path = AppDelegate.swift; sourceTree = "<group>"; };
		D709F5C92114E86C00FDB003 /* Base */ = {isa = PBXFileReference; lastKnownFileType = file.storyboard; name = Base; path = Base.lproj/Main.storyboard; sourceTree = "<group>"; };
		D709F5CB2114E8BA00FDB003 /* Assets.xcassets */ = {isa = PBXFileReference; lastKnownFileType = folder.assetcatalog; path = Assets.xcassets; sourceTree = "<group>"; };
		D709F5CE2114E8BA00FDB003 /* Base */ = {isa = PBXFileReference; lastKnownFileType = file.storyboard; name = Base; path = Base.lproj/LaunchScreen.storyboard; sourceTree = "<group>"; };
		D709F5D02114E8BA00FDB003 /* Info.plist */ = {isa = PBXFileReference; lastKnownFileType = text.plist.xml; path = Info.plist; sourceTree = "<group>"; };
		D709F5D52114E8BC00FDB003 /* flix_demo_03Tests.xctest */ = {isa = PBXFileReference; explicitFileType = wrapper.cfbundle; includeInIndex = 0; path = flix_demo_03Tests.xctest; sourceTree = BUILT_PRODUCTS_DIR; };
		D709F5D92114E8BC00FDB003 /* flix_demo_03Tests.swift */ = {isa = PBXFileReference; lastKnownFileType = sourcecode.swift; path = flix_demo_03Tests.swift; sourceTree = "<group>"; };
		D709F5DB2114E8BD00FDB003 /* Info.plist */ = {isa = PBXFileReference; lastKnownFileType = text.plist.xml; path = Info.plist; sourceTree = "<group>"; };
		D709F5E02114E8BD00FDB003 /* flix_demo_03UITests.xctest */ = {isa = PBXFileReference; explicitFileType = wrapper.cfbundle; includeInIndex = 0; path = flix_demo_03UITests.xctest; sourceTree = BUILT_PRODUCTS_DIR; };
		D709F5E42114E8BF00FDB003 /* flix_demo_03UITests.swift */ = {isa = PBXFileReference; lastKnownFileType = sourcecode.swift; path = flix_demo_03UITests.swift; sourceTree = "<group>"; };
		D709F5E62114E8C000FDB003 /* Info.plist */ = {isa = PBXFileReference; lastKnownFileType = text.plist.xml; path = Info.plist; sourceTree = "<group>"; };
		D709F5F22114FB1D00FDB003 /* NowPlayingViewController.swift */ = {isa = PBXFileReference; lastKnownFileType = sourcecode.swift; path = NowPlayingViewController.swift; sourceTree = "<group>"; };
/* End PBXFileReference section */

/* Begin PBXFrameworksBuildPhase section */
		D709F5BE2114E86B00FDB003 /* Frameworks */ = {
			isa = PBXFrameworksBuildPhase;
			buildActionMask = 2147483647;
			files = (
			);
			runOnlyForDeploymentPostprocessing = 0;
		};
		D709F5D22114E8BB00FDB003 /* Frameworks */ = {
			isa = PBXFrameworksBuildPhase;
			buildActionMask = 2147483647;
			files = (
			);
			runOnlyForDeploymentPostprocessing = 0;
		};
		D709F5DD2114E8BD00FDB003 /* Frameworks */ = {
			isa = PBXFrameworksBuildPhase;
			buildActionMask = 2147483647;
			files = (
			);
			runOnlyForDeploymentPostprocessing = 0;
		};
/* End PBXFrameworksBuildPhase section */

/* Begin PBXGroup section */
		D709F5B82114E86A00FDB003 = {
			isa = PBXGroup;
			children = (
				D709F5C32114E86B00FDB003 /* flix_demo_03 */,
				D709F5D82114E8BC00FDB003 /* flix_demo_03Tests */,
				D709F5E32114E8BD00FDB003 /* flix_demo_03UITests */,
				D709F5C22114E86B00FDB003 /* Products */,
			);
			sourceTree = "<group>";
		};
		D709F5C22114E86B00FDB003 /* Products */ = {
			isa = PBXGroup;
			children = (
				D709F5C12114E86B00FDB003 /* flix_demo_03.app */,
				D709F5D52114E8BC00FDB003 /* flix_demo_03Tests.xctest */,
				D709F5E02114E8BD00FDB003 /* flix_demo_03UITests.xctest */,
			);
			name = Products;
			sourceTree = "<group>";
		};
		D709F5C32114E86B00FDB003 /* flix_demo_03 */ = {
			isa = PBXGroup;
			children = (
				D709F5F22114FB1D00FDB003 /* NowPlayingViewController.swift */,
				D709F5C42114E86B00FDB003 /* AppDelegate.swift */,
				D709F5C82114E86C00FDB003 /* Main.storyboard */,
				D709F5CB2114E8BA00FDB003 /* Assets.xcassets */,
				D709F5CD2114E8BA00FDB003 /* LaunchScreen.storyboard */,
				D709F5D02114E8BA00FDB003 /* Info.plist */,
			);
			path = flix_demo_03;
			sourceTree = "<group>";
		};
		D709F5D82114E8BC00FDB003 /* flix_demo_03Tests */ = {
			isa = PBXGroup;
			children = (
				D709F5D92114E8BC00FDB003 /* flix_demo_03Tests.swift */,
				D709F5DB2114E8BD00FDB003 /* Info.plist */,
			);
			path = flix_demo_03Tests;
			sourceTree = "<group>";
		};
		D709F5E32114E8BD00FDB003 /* flix_demo_03UITests */ = {
			isa = PBXGroup;
			children = (
				D709F5E42114E8BF00FDB003 /* flix_demo_03UITests.swift */,
				D709F5E62114E8C000FDB003 /* Info.plist */,
			);
			path = flix_demo_03UITests;
			sourceTree = "<group>";
		};
/* End PBXGroup section */

/* Begin PBXNativeTarget section */
		D709F5C02114E86B00FDB003 /* flix_demo_03 */ = {
			isa = PBXNativeTarget;
			buildConfigurationList = D709F5E92114E8C000FDB003 /* Build configuration list for PBXNativeTarget "flix_demo_03" */;
			buildPhases = (
				D709F5BD2114E86B00FDB003 /* Sources */,
				D709F5BE2114E86B00FDB003 /* Frameworks */,
				D709F5BF2114E86B00FDB003 /* Resources */,
			);
			buildRules = (
			);
			dependencies = (
			);
			name = flix_demo_03;
			productName = flix_demo_03;
			productReference = D709F5C12114E86B00FDB003 /* flix_demo_03.app */;
			productType = "com.apple.product-type.application";
		};
		D709F5D42114E8BB00FDB003 /* flix_demo_03Tests */ = {
			isa = PBXNativeTarget;
			buildConfigurationList = D709F5EC2114E8C000FDB003 /* Build configuration list for PBXNativeTarget "flix_demo_03Tests" */;
			buildPhases = (
				D709F5D12114E8BB00FDB003 /* Sources */,
				D709F5D22114E8BB00FDB003 /* Frameworks */,
				D709F5D32114E8BB00FDB003 /* Resources */,
			);
			buildRules = (
			);
			dependencies = (
				D709F5D72114E8BC00FDB003 /* PBXTargetDependency */,
			);
			name = flix_demo_03Tests;
			productName = flix_demo_03Tests;
			productReference = D709F5D52114E8BC00FDB003 /* flix_demo_03Tests.xctest */;
			productType = "com.apple.product-type.bundle.unit-test";
		};
		D709F5DF2114E8BD00FDB003 /* flix_demo_03UITests */ = {
			isa = PBXNativeTarget;
			buildConfigurationList = D709F5EF2114E8C000FDB003 /* Build configuration list for PBXNativeTarget "flix_demo_03UITests" */;
			buildPhases = (
				D709F5DC2114E8BD00FDB003 /* Sources */,
				D709F5DD2114E8BD00FDB003 /* Frameworks */,
				D709F5DE2114E8BD00FDB003 /* Resources */,
			);
			buildRules = (
			);
			dependencies = (
				D709F5E22114E8BD00FDB003 /* PBXTargetDependency */,
			);
			name = flix_demo_03UITests;
			productName = flix_demo_03UITests;
			productReference = D709F5E02114E8BD00FDB003 /* flix_demo_03UITests.xctest */;
			productType = "com.apple.product-type.bundle.ui-testing";
		};
/* End PBXNativeTarget section */

/* Begin PBXProject section */
		D709F5B92114E86A00FDB003 /* Project object */ = {
			isa = PBXProject;
			attributes = {
				LastSwiftUpdateCheck = 0940;
				LastUpgradeCheck = 0940;
				ORGANIZATIONNAME = "CSC Student";
				TargetAttributes = {
					D709F5C02114E86B00FDB003 = {
						CreatedOnToolsVersion = 9.4.1;
					};
					D709F5D42114E8BB00FDB003 = {
						CreatedOnToolsVersion = 9.4.1;
						TestTargetID = D709F5C02114E86B00FDB003;
					};
					D709F5DF2114E8BD00FDB003 = {
						CreatedOnToolsVersion = 9.4.1;
						TestTargetID = D709F5C02114E86B00FDB003;
					};
				};
			};
			buildConfigurationList = D709F5BC2114E86A00FDB003 /* Build configuration list for PBXProject "flix_demo_03" */;
			compatibilityVersion = "Xcode 9.3";
			developmentRegion = en;
			hasScannedForEncodings = 0;
			knownRegions = (
				en,
				Base,
			);
			mainGroup = D709F5B82114E86A00FDB003;
			productRefGroup = D709F5C22114E86B00FDB003 /* Products */;
			projectDirPath = "";
			projectRoot = "";
			targets = (
				D709F5C02114E86B00FDB003 /* flix_demo_03 */,
				D709F5D42114E8BB00FDB003 /* flix_demo_03Tests */,
				D709F5DF2114E8BD00FDB003 /* flix_demo_03UITests */,
			);
		};
/* End PBXProject section */

/* Begin PBXResourcesBuildPhase section */
		D709F5BF2114E86B00FDB003 /* Resources */ = {
			isa = PBXResourcesBuildPhase;
			buildActionMask = 2147483647;
			files = (
				D709F5CF2114E8BA00FDB003 /* LaunchScreen.storyboard in Resources */,
				D709F5CC2114E8BA00FDB003 /* Assets.xcassets in Resources */,
				D709F5CA2114E86C00FDB003 /* Main.storyboard in Resources */,
			);
			runOnlyForDeploymentPostprocessing = 0;
		};
		D709F5D32114E8BB00FDB003 /* Resources */ = {
			isa = PBXResourcesBuildPhase;
			buildActionMask = 2147483647;
			files = (
			);
			runOnlyForDeploymentPostprocessing = 0;
		};
		D709F5DE2114E8BD00FDB003 /* Resources */ = {
			isa = PBXResourcesBuildPhase;
			buildActionMask = 2147483647;
			files = (
			);
			runOnlyForDeploymentPostprocessing = 0;
		};
/* End PBXResourcesBuildPhase section */

/* Begin PBXSourcesBuildPhase section */
		D709F5BD2114E86B00FDB003 /* Sources */ = {
			isa = PBXSourcesBuildPhase;
			buildActionMask = 2147483647;
			files = (
				D709F5F32114FB1D00FDB003 /* NowPlayingViewController.swift in Sources */,
				D709F5C52114E86B00FDB003 /* AppDelegate.swift in Sources */,
			);
			runOnlyForDeploymentPostprocessing = 0;
		};
		D709F5D12114E8BB00FDB003 /* Sources */ = {
			isa = PBXSourcesBuildPhase;
			buildActionMask = 2147483647;
			files = (
				D709F5DA2114E8BC00FDB003 /* flix_demo_03Tests.swift in Sources */,
			);
			runOnlyForDeploymentPostprocessing = 0;
		};
		D709F5DC2114E8BD00FDB003 /* Sources */ = {
			isa = PBXSourcesBuildPhase;
			buildActionMask = 2147483647;
			files = (
				D709F5E52114E8BF00FDB003 /* flix_demo_03UITests.swift in Sources */,
			);
			runOnlyForDeploymentPostprocessing = 0;
		};
/* End PBXSourcesBuildPhase section */

/* Begin PBXTargetDependency section */
		D709F5D72114E8BC00FDB003 /* PBXTargetDependency */ = {
			isa = PBXTargetDependency;
			target = D709F5C02114E86B00FDB003 /* flix_demo_03 */;
			targetProxy = D709F5D62114E8BC00FDB003 /* PBXContainerItemProxy */;
		};
		D709F5E22114E8BD00FDB003 /* PBXTargetDependency */ = {
			isa = PBXTargetDependency;
			target = D709F5C02114E86B00FDB003 /* flix_demo_03 */;
			targetProxy = D709F5E12114E8BD00FDB003 /* PBXContainerItemProxy */;
		};
/* End PBXTargetDependency section */

/* Begin PBXVariantGroup section */
		D709F5C82114E86C00FDB003 /* Main.storyboard */ = {
			isa = PBXVariantGroup;
			children = (
				D709F5C92114E86C00FDB003 /* Base */,
			);
			name = Main.storyboard;
			sourceTree = "<group>";
		};
		D709F5CD2114E8BA00FDB003 /* LaunchScreen.storyboard */ = {
			isa = PBXVariantGroup;
			children = (
				D709F5CE2114E8BA00FDB003 /* Base */,
			);
			name = LaunchScreen.storyboard;
			sourceTree = "<group>";
		};
/* End PBXVariantGroup section */

/* Begin XCBuildConfiguration section */
		D709F5E72114E8C000FDB003 /* Debug */ = {
			isa = XCBuildConfiguration;
			buildSettings = {
				ALWAYS_SEARCH_USER_PATHS = NO;
				CLANG_ANALYZER_NONNULL = YES;
				CLANG_ANALYZER_NUMBER_OBJECT_CONVERSION = YES_AGGRESSIVE;
				CLANG_CXX_LANGUAGE_STANDARD = "gnu++14";
				CLANG_CXX_LIBRARY = "libc++";
				CLANG_ENABLE_MODULES = YES;
				CLANG_ENABLE_OBJC_ARC = YES;
				CLANG_ENABLE_OBJC_WEAK = YES;
				CLANG_WARN_BLOCK_CAPTURE_AUTORELEASING = YES;
				CLANG_WARN_BOOL_CONVERSION = YES;
				CLANG_WARN_COMMA = YES;
				CLANG_WARN_CONSTANT_CONVERSION = YES;
				CLANG_WARN_DEPRECATED_OBJC_IMPLEMENTATIONS = YES;
				CLANG_WARN_DIRECT_OBJC_ISA_USAGE = YES_ERROR;
				CLANG_WARN_DOCUMENTATION_COMMENTS = YES;
				CLANG_WARN_EMPTY_BODY = YES;
				CLANG_WARN_ENUM_CONVERSION = YES;
				CLANG_WARN_INFINITE_RECURSION = YES;
				CLANG_WARN_INT_CONVERSION = YES;
				CLANG_WARN_NON_LITERAL_NULL_CONVERSION = YES;
				CLANG_WARN_OBJC_IMPLICIT_RETAIN_SELF = YES;
				CLANG_WARN_OBJC_LITERAL_CONVERSION = YES;
				CLANG_WARN_OBJC_ROOT_CLASS = YES_ERROR;
				CLANG_WARN_RANGE_LOOP_ANALYSIS = YES;
				CLANG_WARN_STRICT_PROTOTYPES = YES;
				CLANG_WARN_SUSPICIOUS_MOVE = YES;
				CLANG_WARN_UNGUARDED_AVAILABILITY = YES_AGGRESSIVE;
				CLANG_WARN_UNREACHABLE_CODE = YES;
				CLANG_WARN__DUPLICATE_METHOD_MATCH = YES;
				CODE_SIGN_IDENTITY = "iPhone Developer";
				COPY_PHASE_STRIP = NO;
				DEBUG_INFORMATION_FORMAT = dwarf;
				ENABLE_STRICT_OBJC_MSGSEND = YES;
				ENABLE_TESTABILITY = YES;
				GCC_C_LANGUAGE_STANDARD = gnu11;
				GCC_DYNAMIC_NO_PIC = NO;
				GCC_NO_COMMON_BLOCKS = YES;
				GCC_OPTIMIZATION_LEVEL = 0;
				GCC_PREPROCESSOR_DEFINITIONS = (
					"DEBUG=1",
					"$(inherited)",
				);
				GCC_WARN_64_TO_32_BIT_CONVERSION = YES;
				GCC_WARN_ABOUT_RETURN_TYPE = YES_ERROR;
				GCC_WARN_UNDECLARED_SELECTOR = YES;
				GCC_WARN_UNINITIALIZED_AUTOS = YES_AGGRESSIVE;
				GCC_WARN_UNUSED_FUNCTION = YES;
				GCC_WARN_UNUSED_VARIABLE = YES;
				IPHONEOS_DEPLOYMENT_TARGET = 11.4;
				MTL_ENABLE_DEBUG_INFO = YES;
				ONLY_ACTIVE_ARCH = YES;
				SDKROOT = iphoneos;
				SWIFT_ACTIVE_COMPILATION_CONDITIONS = DEBUG;
				SWIFT_OPTIMIZATION_LEVEL = "-Onone";
			};
			name = Debug;
		};
		D709F5E82114E8C000FDB003 /* Release */ = {
			isa = XCBuildConfiguration;
			buildSettings = {
				ALWAYS_SEARCH_USER_PATHS = NO;
				CLANG_ANALYZER_NONNULL = YES;
				CLANG_ANALYZER_NUMBER_OBJECT_CONVERSION = YES_AGGRESSIVE;
				CLANG_CXX_LANGUAGE_STANDARD = "gnu++14";
				CLANG_CXX_LIBRARY = "libc++";
				CLANG_ENABLE_MODULES = YES;
				CLANG_ENABLE_OBJC_ARC = YES;
				CLANG_ENABLE_OBJC_WEAK = YES;
				CLANG_WARN_BLOCK_CAPTURE_AUTORELEASING = YES;
				CLANG_WARN_BOOL_CONVERSION = YES;
				CLANG_WARN_COMMA = YES;
				CLANG_WARN_CONSTANT_CONVERSION = YES;
				CLANG_WARN_DEPRECATED_OBJC_IMPLEMENTATIONS = YES;
				CLANG_WARN_DIRECT_OBJC_ISA_USAGE = YES_ERROR;
				CLANG_WARN_DOCUMENTATION_COMMENTS = YES;
				CLANG_WARN_EMPTY_BODY = YES;
				CLANG_WARN_ENUM_CONVERSION = YES;
				CLANG_WARN_INFINITE_RECURSION = YES;
				CLANG_WARN_INT_CONVERSION = YES;
				CLANG_WARN_NON_LITERAL_NULL_CONVERSION = YES;
				CLANG_WARN_OBJC_IMPLICIT_RETAIN_SELF = YES;
				CLANG_WARN_OBJC_LITERAL_CONVERSION = YES;
				CLANG_WARN_OBJC_ROOT_CLASS = YES_ERROR;
				CLANG_WARN_RANGE_LOOP_ANALYSIS = YES;
				CLANG_WARN_STRICT_PROTOTYPES = YES;
				CLANG_WARN_SUSPICIOUS_MOVE = YES;
				CLANG_WARN_UNGUARDED_AVAILABILITY = YES_AGGRESSIVE;
				CLANG_WARN_UNREACHABLE_CODE = YES;
				CLANG_WARN__DUPLICATE_METHOD_MATCH = YES;
				CODE_SIGN_IDENTITY = "iPhone Developer";
				COPY_PHASE_STRIP = NO;
				DEBUG_INFORMATION_FORMAT = "dwarf-with-dsym";
				ENABLE_NS_ASSERTIONS = NO;
				ENABLE_STRICT_OBJC_MSGSEND = YES;
				GCC_C_LANGUAGE_STANDARD = gnu11;
				GCC_NO_COMMON_BLOCKS = YES;
				GCC_WARN_64_TO_32_BIT_CONVERSION = YES;
				GCC_WARN_ABOUT_RETURN_TYPE = YES_ERROR;
				GCC_WARN_UNDECLARED_SELECTOR = YES;
				GCC_WARN_UNINITIALIZED_AUTOS = YES_AGGRESSIVE;
				GCC_WARN_UNUSED_FUNCTION = YES;
				GCC_WARN_UNUSED_VARIABLE = YES;
				IPHONEOS_DEPLOYMENT_TARGET = 11.4;
				MTL_ENABLE_DEBUG_INFO = NO;
				SDKROOT = iphoneos;
				SWIFT_COMPILATION_MODE = wholemodule;
				SWIFT_OPTIMIZATION_LEVEL = "-O";
				VALIDATE_PRODUCT = YES;
			};
			name = Release;
		};
		D709F5EA2114E8C000FDB003 /* Debug */ = {
			isa = XCBuildConfiguration;
			buildSettings = {
				ASSETCATALOG_COMPILER_APPICON_NAME = AppIcon;
				CODE_SIGN_STYLE = Automatic;
				INFOPLIST_FILE = flix_demo_03/Info.plist;
				LD_RUNPATH_SEARCH_PATHS = (
					"$(inherited)",
					"@executable_path/Frameworks",
				);
				PRODUCT_BUNDLE_IDENTIFIER = "com.codepath.flix-demo-03";
				PRODUCT_NAME = "$(TARGET_NAME)";
				SWIFT_VERSION = 4.0;
				TARGETED_DEVICE_FAMILY = "1,2";
			};
			name = Debug;
		};
		D709F5EB2114E8C000FDB003 /* Release */ = {
			isa = XCBuildConfiguration;
			buildSettings = {
				ASSETCATALOG_COMPILER_APPICON_NAME = AppIcon;
				CODE_SIGN_STYLE = Automatic;
				INFOPLIST_FILE = flix_demo_03/Info.plist;
				LD_RUNPATH_SEARCH_PATHS = (
					"$(inherited)",
					"@executable_path/Frameworks",
				);
				PRODUCT_BUNDLE_IDENTIFIER = "com.codepath.flix-demo-03";
				PRODUCT_NAME = "$(TARGET_NAME)";
				SWIFT_VERSION = 4.0;
				TARGETED_DEVICE_FAMILY = "1,2";
			};
			name = Release;
		};
		D709F5ED2114E8C000FDB003 /* Debug */ = {
			isa = XCBuildConfiguration;
			buildSettings = {
				ALWAYS_EMBED_SWIFT_STANDARD_LIBRARIES = YES;
				BUNDLE_LOADER = "$(TEST_HOST)";
				CODE_SIGN_STYLE = Automatic;
				INFOPLIST_FILE = flix_demo_03Tests/Info.plist;
				LD_RUNPATH_SEARCH_PATHS = (
					"$(inherited)",
					"@executable_path/Frameworks",
					"@loader_path/Frameworks",
				);
				PRODUCT_BUNDLE_IDENTIFIER = "com.codepath.flix-demo-03Tests";
				PRODUCT_NAME = "$(TARGET_NAME)";
				SWIFT_VERSION = 4.0;
				TARGETED_DEVICE_FAMILY = "1,2";
				TEST_HOST = "$(BUILT_PRODUCTS_DIR)/flix_demo_03.app/flix_demo_03";
			};
			name = Debug;
		};
		D709F5EE2114E8C000FDB003 /* Release */ = {
			isa = XCBuildConfiguration;
			buildSettings = {
				ALWAYS_EMBED_SWIFT_STANDARD_LIBRARIES = YES;
				BUNDLE_LOADER = "$(TEST_HOST)";
				CODE_SIGN_STYLE = Automatic;
				INFOPLIST_FILE = flix_demo_03Tests/Info.plist;
				LD_RUNPATH_SEARCH_PATHS = (
					"$(inherited)",
					"@executable_path/Frameworks",
					"@loader_path/Frameworks",
				);
				PRODUCT_BUNDLE_IDENTIFIER = "com.codepath.flix-demo-03Tests";
				PRODUCT_NAME = "$(TARGET_NAME)";
				SWIFT_VERSION = 4.0;
				TARGETED_DEVICE_FAMILY = "1,2";
				TEST_HOST = "$(BUILT_PRODUCTS_DIR)/flix_demo_03.app/flix_demo_03";
			};
			name = Release;
		};
		D709F5F02114E8C000FDB003 /* Debug */ = {
			isa = XCBuildConfiguration;
			buildSettings = {
				ALWAYS_EMBED_SWIFT_STANDARD_LIBRARIES = YES;
				CODE_SIGN_STYLE = Automatic;
				INFOPLIST_FILE = flix_demo_03UITests/Info.plist;
				LD_RUNPATH_SEARCH_PATHS = (
					"$(inherited)",
					"@executable_path/Frameworks",
					"@loader_path/Frameworks",
				);
				PRODUCT_BUNDLE_IDENTIFIER = "com.codepath.flix-demo-03UITests";
				PRODUCT_NAME = "$(TARGET_NAME)";
				SWIFT_VERSION = 4.0;
				TARGETED_DEVICE_FAMILY = "1,2";
				TEST_TARGET_NAME = flix_demo_03;
			};
			name = Debug;
		};
		D709F5F12114E8C000FDB003 /* Release */ = {
			isa = XCBuildConfiguration;
			buildSettings = {
				ALWAYS_EMBED_SWIFT_STANDARD_LIBRARIES = YES;
				CODE_SIGN_STYLE = Automatic;
				INFOPLIST_FILE = flix_demo_03UITests/Info.plist;
				LD_RUNPATH_SEARCH_PATHS = (
					"$(inherited)",
					"@executable_path/Frameworks",
					"@loader_path/Frameworks",
				);
				PRODUCT_BUNDLE_IDENTIFIER = "com.codepath.flix-demo-03UITests";
				PRODUCT_NAME = "$(TARGET_NAME)";
				SWIFT_VERSION = 4.0;
				TARGETED_DEVICE_FAMILY = "1,2";
				TEST_TARGET_NAME = flix_demo_03;
			};
			name = Release;
		};
/* End XCBuildConfiguration section */

/* Begin XCConfigurationList section */
		D709F5BC2114E86A00FDB003 /* Build configuration list for PBXProject "flix_demo_03" */ = {
			isa = XCConfigurationList;
			buildConfigurations = (
				D709F5E72114E8C000FDB003 /* Debug */,
				D709F5E82114E8C000FDB003 /* Release */,
			);
			defaultConfigurationIsVisible = 0;
			defaultConfigurationName = Release;
		};
		D709F5E92114E8C000FDB003 /* Build configuration list for PBXNativeTarget "flix_demo_03" */ = {
			isa = XCConfigurationList;
			buildConfigurations = (
				D709F5EA2114E8C000FDB003 /* Debug */,
				D709F5EB2114E8C000FDB003 /* Release */,
			);
			defaultConfigurationIsVisible = 0;
			defaultConfigurationName = Release;
		};
		D709F5EC2114E8C000FDB003 /* Build configuration list for PBXNativeTarget "flix_demo_03Tests" */ = {
			isa = XCConfigurationList;
			buildConfigurations = (
				D709F5ED2114E8C000FDB003 /* Debug */,
				D709F5EE2114E8C000FDB003 /* Release */,
			);
			defaultConfigurationIsVisible = 0;
			defaultConfigurationName = Release;
		};
		D709F5EF2114E8C000FDB003 /* Build configuration list for PBXNativeTarget "flix_demo_03UITests" */ = {
			isa = XCConfigurationList;
			buildConfigurations = (
				D709F5F02114E8C000FDB003 /* Debug */,
				D709F5F12114E8C000FDB003 /* Release */,
			);
			defaultConfigurationIsVisible = 0;
			defaultConfigurationName = Release;
		};
/* End XCConfigurationList section */
	};
	rootObject = D709F5B92114E86A00FDB003 /* Project object */;
}
